// !$*UTF8*$!
{
	archiveVersion = 1;
	classes = {
	};
	objectVersion = 56;
	objects = {

/* Begin PBXBuildFile section */
		2B2BE5E4E040476B8258CB26 /* JarvisApp.swift in Sources */ = {isa = PBXBuildFile; fileRef = 7DA3F5C920174376AB8F9B79 /* JarvisApp.swift */; };
		60A6F7EAA21A4432879E22D3 /* ContentRootView.swift in Sources */ = {isa = PBXBuildFile; fileRef = 59F8839BD5534CA7BE98E0FE /* ContentRootView.swift */; };
		3080F6B501CA4AF38C7101F2 /* AppConstants.swift in Sources */ = {isa = PBXBuildFile; fileRef = 59B36E9C586D445E9E93816B /* AppConstants.swift */; };
		CE483D5A95A546A9826EBEF8 /* Color+Extensions.swift in Sources */ = {isa = PBXBuildFile; fileRef = 8B4789ECCFBE4CCD814953DE /* Color+Extensions.swift */; };
		311F0BB5B4BF4981944D4A27 /* View+Extensions.swift in Sources */ = {isa = PBXBuildFile; fileRef = 50FAFB96F2714E648E04174D /* View+Extensions.swift */; };
		6D3C6F3A543E41EC928A8A1E /* String+Extensions.swift in Sources */ = {isa = PBXBuildFile; fileRef = 98C7780CDD9D4F8EB9285947 /* String+Extensions.swift */; };
		1E14362691C44BE0B1DD18CF /* KeychainManager.swift in Sources */ = {isa = PBXBuildFile; fileRef = D4E045A6C8494657AF47BA93 /* KeychainManager.swift */; };
		CEFCCE0ECB974F31B1D0EE2E /* HapticManager.swift in Sources */ = {isa = PBXBuildFile; fileRef = C9FDDAF7976B4868844286BD /* HapticManager.swift */; };
		50A0217B92AC4FC28CB8773A /* Message.swift in Sources */ = {isa = PBXBuildFile; fileRef = 34BDE1D14DDB4F3590EAD827 /* Message.swift */; };
		98BF79B67E9C4E21B7156BB6 /* Conversation.swift in Sources */ = {isa = PBXBuildFile; fileRef = 6073D29AE6E2466A999560CF /* Conversation.swift */; };
		2A700A09C6684B65B96704A5 /* AIProvider.swift in Sources */ = {isa = PBXBuildFile; fileRef = 816249FA0C144660B492C7F2 /* AIProvider.swift */; };
		AB0971D1AE844AFAB45730FD /* AppSettings.swift in Sources */ = {isa = PBXBuildFile; fileRef = 6355D472FE774815B7287D18 /* AppSettings.swift */; };
		8EB49D69483B4000A88ACEA4 /* Command.swift in Sources */ = {isa = PBXBuildFile; fileRef = 2B98B909DC064E05912103E2 /* Command.swift */; };
		79A0E82EFFE44F968C200CC2 /* AIServiceProtocol.swift in Sources */ = {isa = PBXBuildFile; fileRef = AADBD64286B449CB9EF78538 /* AIServiceProtocol.swift */; };
		70BC0C4428474C75BA7D21CB /* OpenAIService.swift in Sources */ = {isa = PBXBuildFile; fileRef = 589DCE0CA1FF4D9DA971B552 /* OpenAIService.swift */; };
		A049275E91224A61BCA0A1BD /* ClaudeService.swift in Sources */ = {isa = PBXBuildFile; fileRef = 1B4884FEC0664E55BB755EC0 /* ClaudeService.swift */; };
		430EDD279A0447D49E47A22D /* GeminiService.swift in Sources */ = {isa = PBXBuildFile; fileRef = 639A0119A351442B84BA25CE /* GeminiService.swift */; };
		5A8E6DF1D71241DD893D9A73 /* LocalAIService.swift in Sources */ = {isa = PBXBuildFile; fileRef = 0CF252C35BA749AFBC68F466 /* LocalAIService.swift */; };
		A6EE1537651741D09D77B9AB /* AIServiceFactory.swift in Sources */ = {isa = PBXBuildFile; fileRef = 504651471A19401280367809 /* AIServiceFactory.swift */; };
		2B75BF8130D8464DB45DD380 /* SpeechRecognitionService.swift in Sources */ = {isa = PBXBuildFile; fileRef = F6BB284AE15B42DD9A1FD75D /* SpeechRecognitionService.swift */; };
		C57BFC80C53C46F483AF73DE /* SpeechSynthesisService.swift in Sources */ = {isa = PBXBuildFile; fileRef = 9AE63CB4DC5242C0BC8144EB /* SpeechSynthesisService.swift */; };
		3CF975D31102487198475BC8 /* VisionService.swift in Sources */ = {isa = PBXBuildFile; fileRef = BDAA6DF991E64DFE85F57D4D /* VisionService.swift */; };
		A4C83D9EFA254C3DA8AF1814 /* CameraService.swift in Sources */ = {isa = PBXBuildFile; fileRef = 2C1C8373D0B74889B92C31E9 /* CameraService.swift */; };
		1BA1B34D58D64159899DA2E1 /* NetworkService.swift in Sources */ = {isa = PBXBuildFile; fileRef = 9981A84E20EB4EBBA65E29E6 /* NetworkService.swift */; };
		77C59C508D0E49569185CF9A /* WebSearchService.swift in Sources */ = {isa = PBXBuildFile; fileRef = 890DB48984AA44A089445F25 /* WebSearchService.swift */; };
		65E2B1C2538B4943BC66E32B /* WeatherService.swift in Sources */ = {isa = PBXBuildFile; fileRef = 03E78F4474AD4C04894FEEC6 /* WeatherService.swift */; };
		6922EEACA8F444C6B2A02D02 /* CalendarService.swift in Sources */ = {isa = PBXBuildFile; fileRef = 8968AFD359F6495EA1D968DD /* CalendarService.swift */; };
		577571A633B94F93B84975A3 /* ReminderService.swift in Sources */ = {isa = PBXBuildFile; fileRef = 856C978F187B478D9BBA7A13 /* ReminderService.swift */; };
		8B1C3D3E1371446E915866DE /* MusicService.swift in Sources */ = {isa = PBXBuildFile; fileRef = CC17C76E55904DBDA244763B /* MusicService.swift */; };
		7848864830544701A0A35525 /* NotesService.swift in Sources */ = {isa = PBXBuildFile; fileRef = 3CB1F946EC124E7AA86DF694 /* NotesService.swift */; };
		2FBC1D989D6C4012A578C313 /* SettingsManager.swift in Sources */ = {isa = PBXBuildFile; fileRef = C53A30C96FB1478BBE1FCFB7 /* SettingsManager.swift */; };
		0B9E0B635F9140A081262DAF /* ConversationManager.swift in Sources */ = {isa = PBXBuildFile; fileRef = 5AD35C2AFF034213A696C15D /* ConversationManager.swift */; };
		FBA130C52DF54860BAD8DD37 /* PermissionsManager.swift in Sources */ = {isa = PBXBuildFile; fileRef = ED4AD85CC15942FF9E40B777 /* PermissionsManager.swift */; };
		283D97C4659F488681781460 /* CommandManager.swift in Sources */ = {isa = PBXBuildFile; fileRef = 065D4E8CFF2D4BC19B29CBAE /* CommandManager.swift */; };
		457D823FEA78454EAB543C85 /* JarvisManager.swift in Sources */ = {isa = PBXBuildFile; fileRef = 6F6E06F2123D4398BFBCC261 /* JarvisManager.swift */; };
		E5BF44C4D8F04A7C88B70A7A /* MainViewModel.swift in Sources */ = {isa = PBXBuildFile; fileRef = 2A7449827C0C42969BEEF810 /* MainViewModel.swift */; };
		F6C6ABF808C74CD6910F26A9 /* ChatViewModel.swift in Sources */ = {isa = PBXBuildFile; fileRef = AF9B070EDC3E4EBCBDAE6533 /* ChatViewModel.swift */; };
		4BF707E8CC684FCAB98FD8A3 /* SettingsViewModel.swift in Sources */ = {isa = PBXBuildFile; fileRef = 19BEDA502C594673B8A23E1F /* SettingsViewModel.swift */; };
		1E1E5CC8480F43A383C4F1C6 /* ParticleSystem.swift in Sources */ = {isa = PBXBuildFile; fileRef = ED7F234257244606AC7A13EF /* ParticleSystem.swift */; };
		6EDA57D4C5AF4FE3941D177C /* RingAnimation.swift in Sources */ = {isa = PBXBuildFile; fileRef = 5FB10D045D244C42AAFA2499 /* RingAnimation.swift */; };
		43DA797160D14DA98CBC6CD0 /* WaveAnimation.swift in Sources */ = {isa = PBXBuildFile; fileRef = 2BA1A6E77CAB4A1B9110DEF1 /* WaveAnimation.swift */; };
		F4D0C4605DBD4DE88AD069F6 /* GlowEffect.swift in Sources */ = {isa = PBXBuildFile; fileRef = 99A75B996E894843AC57BD9A /* GlowEffect.swift */; };
		CFDB228D6E084E1A8822B39B /* JarvisSphereView.swift in Sources */ = {isa = PBXBuildFile; fileRef = C2DC522D0EE341D494B64E0B /* JarvisSphereView.swift */; };
		281C4E78E26D49A7B5E94D1B /* MicrophoneView.swift in Sources */ = {isa = PBXBuildFile; fileRef = E2FF4105DA49463D9A8A7BE1 /* MicrophoneView.swift */; };
		598A529170714B03945C7D62 /* GlassmorphicCard.swift in Sources */ = {isa = PBXBuildFile; fileRef = AA88A089F99048FD8B6F03BC /* GlassmorphicCard.swift */; };
		CC16188421354C92B213FE6B /* StatusIndicatorView.swift in Sources */ = {isa = PBXBuildFile; fileRef = EF34621FA28144A7A7FF23D1 /* StatusIndicatorView.swift */; };
		E4F4BB96D8E74152B96F3907 /* SplashView.swift in Sources */ = {isa = PBXBuildFile; fileRef = 147844D437A24338BDB49AEA /* SplashView.swift */; };
		E85478F8D05340CCBAA828B7 /* MainView.swift in Sources */ = {isa = PBXBuildFile; fileRef = 387BA2393F8A4264A6FE843F /* MainView.swift */; };
		237D8D8A83FD4228865D7B21 /* NotesView.swift in Sources */ = {isa = PBXBuildFile; fileRef = E33AB2EBBAB649F0BA66E67F /* NotesView.swift */; };
		82EA655EDFA64F909C051EF8 /* MessageBubbleView.swift in Sources */ = {isa = PBXBuildFile; fileRef = 0DC05DA5021D4291B24D4A9C /* MessageBubbleView.swift */; };
		2DCC92C9D16A421CADBDAE1D /* ChatView.swift in Sources */ = {isa = PBXBuildFile; fileRef = AD0A8CD5D3A148989DC6B063 /* ChatView.swift */; };
		E6680749496B4B40B125579B /* ConversationHistoryView.swift in Sources */ = {isa = PBXBuildFile; fileRef = E68AB51C10E44269A6DE18B0 /* ConversationHistoryView.swift */; };
		D9355C8B9FC24B5D837B255E /* CameraView.swift in Sources */ = {isa = PBXBuildFile; fileRef = 6DC39989BBF747E0870B0D00 /* CameraView.swift */; };
		BB458773941A41089E7949B7 /* SettingsView.swift in Sources */ = {isa = PBXBuildFile; fileRef = 6817C6A5E2CB447889F3FB59 /* SettingsView.swift */; };
		563CB884631E401B90C1161C /* Info.plist in Resources */ = {isa = PBXBuildFile; fileRef = 504645A8CFE0492B89592862 /* Info.plist */; };
		5E1C34C0B1C04EA18CD64D5D /* Assets.xcassets in Resources */ = {isa = PBXBuildFile; fileRef = 244647E1A6D64AF7B19B96C0 /* Assets.xcassets */; };
		B8C49A0899B043D8B29FBB11 /* Speech.framework in Frameworks */ = {isa = PBXBuildFile; fileRef = 836638BDDFE745309D789FAC /* Speech.framework */; };
		8A24596E6D4349868F875DC1 /* AVFoundation.framework in Frameworks */ = {isa = PBXBuildFile; fileRef = 511C5949E5454CC6BE56C544 /* AVFoundation.framework */; };
		A2A5D97C668F481780FF2548 /* Vision.framework in Frameworks */ = {isa = PBXBuildFile; fileRef = 43415032EDAB4607AC769137 /* Vision.framework */; };
		D77271D85664491DACB8EFC0 /* CoreLocation.framework in Frameworks */ = {isa = PBXBuildFile; fileRef = 0D24A78861044F4CA5286C5B /* CoreLocation.framework */; };
		6095FB0FED9B4079AE93B981 /* EventKit.framework in Frameworks */ = {isa = PBXBuildFile; fileRef = 6013DA70FBA94EB9A93800F0 /* EventKit.framework */; };
		CCD8514B93144ABCB5E7BF30 /* UserNotifications.framework in Frameworks */ = {isa = PBXBuildFile; fileRef = 90F0B1D1C398414DB4B397D9 /* UserNotifications.framework */; };
		C8B194CC51954BA1B22B626C /* MediaPlayer.framework in Frameworks */ = {isa = PBXBuildFile; fileRef = 7BE14417CCC647E49389F4CB /* MediaPlayer.framework */; };
		7FF8EC8DCC7C48F2971225B1 /* Network.framework in Frameworks */ = {isa = PBXBuildFile; fileRef = 2D5197C2E32043B78C35FFB7 /* Network.framework */; };
		6B3702330BE546558D92E17D /* CoreImage.framework in Frameworks */ = {isa = PBXBuildFile; fileRef = 4854D805709E479CB95CEB07 /* CoreImage.framework */; };
		553605B898774F4B85B5C259 /* StoreKit.framework in Frameworks */ = {isa = PBXBuildFile; fileRef = 7DF3258DBD9E476E889B1B01 /* StoreKit.framework */; };
/* End PBXBuildFile section */

/* Begin PBXFileReference section */
		7DA3F5C920174376AB8F9B79 /* JarvisApp.swift */ = {isa = PBXFileReference; lastKnownFileType = sourcecode.swift; path = JarvisApp.swift; sourceTree = "<group>"; };
		59F8839BD5534CA7BE98E0FE /* ContentRootView.swift */ = {isa = PBXFileReference; lastKnownFileType = sourcecode.swift; path = ContentRootView.swift; sourceTree = "<group>"; };
		59B36E9C586D445E9E93816B /* AppConstants.swift */ = {isa = PBXFileReference; lastKnownFileType = sourcecode.swift; path = AppConstants.swift; sourceTree = "<group>"; };
		8B4789ECCFBE4CCD814953DE /* Color+Extensions.swift */ = {isa = PBXFileReference; lastKnownFileType = sourcecode.swift; path = Color+Extensions.swift; sourceTree = "<group>"; };
		50FAFB96F2714E648E04174D /* View+Extensions.swift */ = {isa = PBXFileReference; lastKnownFileType = sourcecode.swift; path = View+Extensions.swift; sourceTree = "<group>"; };
		98C7780CDD9D4F8EB9285947 /* String+Extensions.swift */ = {isa = PBXFileReference; lastKnownFileType = sourcecode.swift; path = String+Extensions.swift; sourceTree = "<group>"; };
		D4E045A6C8494657AF47BA93 /* KeychainManager.swift */ = {isa = PBXFileReference; lastKnownFileType = sourcecode.swift; path = KeychainManager.swift; sourceTree = "<group>"; };
		C9FDDAF7976B4868844286BD /* HapticManager.swift */ = {isa = PBXFileReference; lastKnownFileType = sourcecode.swift; path = HapticManager.swift; sourceTree = "<group>"; };
		34BDE1D14DDB4F3590EAD827 /* Message.swift */ = {isa = PBXFileReference; lastKnownFileType = sourcecode.swift; path = Message.swift; sourceTree = "<group>"; };
		6073D29AE6E2466A999560CF /* Conversation.swift */ = {isa = PBXFileReference; lastKnownFileType = sourcecode.swift; path = Conversation.swift; sourceTree = "<group>"; };
		816249FA0C144660B492C7F2 /* AIProvider.swift */ = {isa = PBXFileReference; lastKnownFileType = sourcecode.swift; path = AIProvider.swift; sourceTree = "<group>"; };
		6355D472FE774815B7287D18 /* AppSettings.swift */ = {isa = PBXFileReference; lastKnownFileType = sourcecode.swift; path = AppSettings.swift; sourceTree = "<group>"; };
		2B98B909DC064E05912103E2 /* Command.swift */ = {isa = PBXFileReference; lastKnownFileType = sourcecode.swift; path = Command.swift; sourceTree = "<group>"; };
		AADBD64286B449CB9EF78538 /* AIServiceProtocol.swift */ = {isa = PBXFileReference; lastKnownFileType = sourcecode.swift; path = AIServiceProtocol.swift; sourceTree = "<group>"; };
		589DCE0CA1FF4D9DA971B552 /* OpenAIService.swift */ = {isa = PBXFileReference; lastKnownFileType = sourcecode.swift; path = OpenAIService.swift; sourceTree = "<group>"; };
		1B4884FEC0664E55BB755EC0 /* ClaudeService.swift */ = {isa = PBXFileReference; lastKnownFileType = sourcecode.swift; path = ClaudeService.swift; sourceTree = "<group>"; };
		639A0119A351442B84BA25CE /* GeminiService.swift */ = {isa = PBXFileReference; lastKnownFileType = sourcecode.swift; path = GeminiService.swift; sourceTree = "<group>"; };
		0CF252C35BA749AFBC68F466 /* LocalAIService.swift */ = {isa = PBXFileReference; lastKnownFileType = sourcecode.swift; path = LocalAIService.swift; sourceTree = "<group>"; };
		504651471A19401280367809 /* AIServiceFactory.swift */ = {isa = PBXFileReference; lastKnownFileType = sourcecode.swift; path = AIServiceFactory.swift; sourceTree = "<group>"; };
		F6BB284AE15B42DD9A1FD75D /* SpeechRecognitionService.swift */ = {isa = PBXFileReference; lastKnownFileType = sourcecode.swift; path = SpeechRecognitionService.swift; sourceTree = "<group>"; };
		9AE63CB4DC5242C0BC8144EB /* SpeechSynthesisService.swift */ = {isa = PBXFileReference; lastKnownFileType = sourcecode.swift; path = SpeechSynthesisService.swift; sourceTree = "<group>"; };
		BDAA6DF991E64DFE85F57D4D /* VisionService.swift */ = {isa = PBXFileReference; lastKnownFileType = sourcecode.swift; path = VisionService.swift; sourceTree = "<group>"; };
		2C1C8373D0B74889B92C31E9 /* CameraService.swift */ = {isa = PBXFileReference; lastKnownFileType = sourcecode.swift; path = CameraService.swift; sourceTree = "<group>"; };
		9981A84E20EB4EBBA65E29E6 /* NetworkService.swift */ = {isa = PBXFileReference; lastKnownFileType = sourcecode.swift; path = NetworkService.swift; sourceTree = "<group>"; };
		890DB48984AA44A089445F25 /* WebSearchService.swift */ = {isa = PBXFileReference; lastKnownFileType = sourcecode.swift; path = WebSearchService.swift; sourceTree = "<group>"; };
		03E78F4474AD4C04894FEEC6 /* WeatherService.swift */ = {isa = PBXFileReference; lastKnownFileType = sourcecode.swift; path = WeatherService.swift; sourceTree = "<group>"; };
		8968AFD359F6495EA1D968DD /* CalendarService.swift */ = {isa = PBXFileReference; lastKnownFileType = sourcecode.swift; path = CalendarService.swift; sourceTree = "<group>"; };
		856C978F187B478D9BBA7A13 /* ReminderService.swift */ = {isa = PBXFileReference; lastKnownFileType = sourcecode.swift; path = ReminderService.swift; sourceTree = "<group>"; };
		CC17C76E55904DBDA244763B /* MusicService.swift */ = {isa = PBXFileReference; lastKnownFileType = sourcecode.swift; path = MusicService.swift; sourceTree = "<group>"; };
		3CB1F946EC124E7AA86DF694 /* NotesService.swift */ = {isa = PBXFileReference; lastKnownFileType = sourcecode.swift; path = NotesService.swift; sourceTree = "<group>"; };
		C53A30C96FB1478BBE1FCFB7 /* SettingsManager.swift */ = {isa = PBXFileReference; lastKnownFileType = sourcecode.swift; path = SettingsManager.swift; sourceTree = "<group>"; };
		5AD35C2AFF034213A696C15D /* ConversationManager.swift */ = {isa = PBXFileReference; lastKnownFileType = sourcecode.swift; path = ConversationManager.swift; sourceTree = "<group>"; };
		ED4AD85CC15942FF9E40B777 /* PermissionsManager.swift */ = {isa = PBXFileReference; lastKnownFileType = sourcecode.swift; path = PermissionsManager.swift; sourceTree = "<group>"; };
		065D4E8CFF2D4BC19B29CBAE /* CommandManager.swift */ = {isa = PBXFileReference; lastKnownFileType = sourcecode.swift; path = CommandManager.swift; sourceTree = "<group>"; };
		6F6E06F2123D4398BFBCC261 /* JarvisManager.swift */ = {isa = PBXFileReference; lastKnownFileType = sourcecode.swift; path = JarvisManager.swift; sourceTree = "<group>"; };
		2A7449827C0C42969BEEF810 /* MainViewModel.swift */ = {isa = PBXFileReference; lastKnownFileType = sourcecode.swift; path = MainViewModel.swift; sourceTree = "<group>"; };
		AF9B070EDC3E4EBCBDAE6533 /* ChatViewModel.swift */ = {isa = PBXFileReference; lastKnownFileType = sourcecode.swift; path = ChatViewModel.swift; sourceTree = "<group>"; };
		19BEDA502C594673B8A23E1F /* SettingsViewModel.swift */ = {isa = PBXFileReference; lastKnownFileType = sourcecode.swift; path = SettingsViewModel.swift; sourceTree = "<group>"; };
		ED7F234257244606AC7A13EF /* ParticleSystem.swift */ = {isa = PBXFileReference; lastKnownFileType = sourcecode.swift; path = ParticleSystem.swift; sourceTree = "<group>"; };
		5FB10D045D244C42AAFA2499 /* RingAnimation.swift */ = {isa = PBXFileReference; lastKnownFileType = sourcecode.swift; path = RingAnimation.swift; sourceTree = "<group>"; };
		2BA1A6E77CAB4A1B9110DEF1 /* WaveAnimation.swift */ = {isa = PBXFileReference; lastKnownFileType = sourcecode.swift; path = WaveAnimation.swift; sourceTree = "<group>"; };
		99A75B996E894843AC57BD9A /* GlowEffect.swift */ = {isa = PBXFileReference; lastKnownFileType = sourcecode.swift; path = GlowEffect.swift; sourceTree = "<group>"; };
		C2DC522D0EE341D494B64E0B /* JarvisSphereView.swift */ = {isa = PBXFileReference; lastKnownFileType = sourcecode.swift; path = JarvisSphereView.swift; sourceTree = "<group>"; };
		E2FF4105DA49463D9A8A7BE1 /* MicrophoneView.swift */ = {isa = PBXFileReference; lastKnownFileType = sourcecode.swift; path = MicrophoneView.swift; sourceTree = "<group>"; };
		AA88A089F99048FD8B6F03BC /* GlassmorphicCard.swift */ = {isa = PBXFileReference; lastKnownFileType = sourcecode.swift; path = GlassmorphicCard.swift; sourceTree = "<group>"; };
		EF34621FA28144A7A7FF23D1 /* StatusIndicatorView.swift */ = {isa = PBXFileReference; lastKnownFileType = sourcecode.swift; path = StatusIndicatorView.swift; sourceTree = "<group>"; };
		147844D437A24338BDB49AEA /* SplashView.swift */ = {isa = PBXFileReference; lastKnownFileType = sourcecode.swift; path = SplashView.swift; sourceTree = "<group>"; };
		387BA2393F8A4264A6FE843F /* MainView.swift */ = {isa = PBXFileReference; lastKnownFileType = sourcecode.swift; path = MainView.swift; sourceTree = "<group>"; };
		E33AB2EBBAB649F0BA66E67F /* NotesView.swift */ = {isa = PBXFileReference; lastKnownFileType = sourcecode.swift; path = NotesView.swift; sourceTree = "<group>"; };
		0DC05DA5021D4291B24D4A9C /* MessageBubbleView.swift */ = {isa = PBXFileReference; lastKnownFileType = sourcecode.swift; path = MessageBubbleView.swift; sourceTree = "<group>"; };
		AD0A8CD5D3A148989DC6B063 /* ChatView.swift */ = {isa = PBXFileReference; lastKnownFileType = sourcecode.swift; path = ChatView.swift; sourceTree = "<group>"; };
		E68AB51C10E44269A6DE18B0 /* ConversationHistoryView.swift */ = {isa = PBXFileReference; lastKnownFileType = sourcecode.swift; path = ConversationHistoryView.swift; sourceTree = "<group>"; };
		6DC39989BBF747E0870B0D00 /* CameraView.swift */ = {isa = PBXFileReference; lastKnownFileType = sourcecode.swift; path = CameraView.swift; sourceTree = "<group>"; };
		6817C6A5E2CB447889F3FB59 /* SettingsView.swift */ = {isa = PBXFileReference; lastKnownFileType = sourcecode.swift; path = SettingsView.swift; sourceTree = "<group>"; };
		504645A8CFE0492B89592862 /* Info.plist */ = {isa = PBXFileReference; lastKnownFileType = text.plist.xml; path = Info.plist; sourceTree = "<group>"; };
		244647E1A6D64AF7B19B96C0 /* Assets.xcassets */ = {isa = PBXFileReference; lastKnownFileType = folder.assetcatalog; path = Assets.xcassets; sourceTree = "<group>"; };
		836638BDDFE745309D789FAC /* Speech.framework */ = {isa = PBXFileReference; lastKnownFileType = wrapper.framework; name = Speech.framework; path = System/Library/Frameworks/Speech.framework; sourceTree = SDKROOT; };
		511C5949E5454CC6BE56C544 /* AVFoundation.framework */ = {isa = PBXFileReference; lastKnownFileType = wrapper.framework; name = AVFoundation.framework; path = System/Library/Frameworks/AVFoundation.framework; sourceTree = SDKROOT; };
		43415032EDAB4607AC769137 /* Vision.framework */ = {isa = PBXFileReference; lastKnownFileType = wrapper.framework; name = Vision.framework; path = System/Library/Frameworks/Vision.framework; sourceTree = SDKROOT; };
		0D24A78861044F4CA5286C5B /* CoreLocation.framework */ = {isa = PBXFileReference; lastKnownFileType = wrapper.framework; name = CoreLocation.framework; path = System/Library/Frameworks/CoreLocation.framework; sourceTree = SDKROOT; };
		6013DA70FBA94EB9A93800F0 /* EventKit.framework */ = {isa = PBXFileReference; lastKnownFileType = wrapper.framework; name = EventKit.framework; path = System/Library/Frameworks/EventKit.framework; sourceTree = SDKROOT; };
		90F0B1D1C398414DB4B397D9 /* UserNotifications.framework */ = {isa = PBXFileReference; lastKnownFileType = wrapper.framework; name = UserNotifications.framework; path = System/Library/Frameworks/UserNotifications.framework; sourceTree = SDKROOT; };
		7BE14417CCC647E49389F4CB /* MediaPlayer.framework */ = {isa = PBXFileReference; lastKnownFileType = wrapper.framework; name = MediaPlayer.framework; path = System/Library/Frameworks/MediaPlayer.framework; sourceTree = SDKROOT; };
		2D5197C2E32043B78C35FFB7 /* Network.framework */ = {isa = PBXFileReference; lastKnownFileType = wrapper.framework; name = Network.framework; path = System/Library/Frameworks/Network.framework; sourceTree = SDKROOT; };
		4854D805709E479CB95CEB07 /* CoreImage.framework */ = {isa = PBXFileReference; lastKnownFileType = wrapper.framework; name = CoreImage.framework; path = System/Library/Frameworks/CoreImage.framework; sourceTree = SDKROOT; };
		7DF3258DBD9E476E889B1B01 /* StoreKit.framework */ = {isa = PBXFileReference; lastKnownFileType = wrapper.framework; name = StoreKit.framework; path = System/Library/Frameworks/StoreKit.framework; sourceTree = SDKROOT; };
		C7EFFE3BDE744CA2A0A92D85 /* Jarvis.app */ = {isa = PBXFileReference; explicitFileType = wrapper.application; includeInIndex = 0; path = Jarvis.app; sourceTree = BUILT_PRODUCTS_DIR; };
/* End PBXFileReference section */

/* Begin PBXFrameworksBuildPhase section */
		4E69FC151A0A48A5BA27F2ED /* Frameworks */ = {
			isa = PBXFrameworksBuildPhase;
			buildActionMask = 2147483647;
			files = (
				B8C49A0899B043D8B29FBB11 /* Speech.framework in Frameworks */,
				8A24596E6D4349868F875DC1 /* AVFoundation.framework in Frameworks */,
				A2A5D97C668F481780FF2548 /* Vision.framework in Frameworks */,
				D77271D85664491DACB8EFC0 /* CoreLocation.framework in Frameworks */,
				6095FB0FED9B4079AE93B981 /* EventKit.framework in Frameworks */,
				CCD8514B93144ABCB5E7BF30 /* UserNotifications.framework in Frameworks */,
				C8B194CC51954BA1B22B626C /* MediaPlayer.framework in Frameworks */,
				7FF8EC8DCC7C48F2971225B1 /* Network.framework in Frameworks */,
				6B3702330BE546558D92E17D /* CoreImage.framework in Frameworks */,
				553605B898774F4B85B5C259 /* StoreKit.framework in Frameworks */,
			);
			runOnlyForDeploymentPostprocessing = 0;
		};
/* End PBXFrameworksBuildPhase section */

/* Begin PBXGroup section */
		2F53A9102561424A841ABCCD = {
			isa = PBXGroup;
			children = (
				94901C65A9B942689E658FB4 /* Jarvis */,
				258AC279706F4DAF9F44AF7E /* Products */,
			);
			sourceTree = "<group>";
		};

		258AC279706F4DAF9F44AF7E /* Products */ = {
			isa = PBXGroup;
			children = (
				C7EFFE3BDE744CA2A0A92D85 /* Jarvis.app */,
			);
			name = Products;
			sourceTree = "<group>";
		};

		94901C65A9B942689E658FB4 /* Jarvis */ = {
			isa = PBXGroup;
			children = (
				434374BF49A44E989F062150 /* App */,
				638B2B1C418C4E7F81A2D802 /* Core */,
				9C8F4215B3B042D0BB032C98 /* Models */,
				5CD1432A9AA24641B160FB17 /* Services */,
				F9A84F7844364E79B1700EAB /* Managers */,
				F0DBCE8DA35F4ACE8F8DF9B1 /* ViewModels */,
				014C0F7320014308AF07AD2C /* Views */,
				07FBF036A85C4742A17EC33F /* Animations */,
				FE0C9368F3D5428EA6AB65E6 /* Resources */,
			);
			name = Jarvis;
			path = Jarvis;
			sourceTree = "<group>";
		};

		07FBF036A85C4742A17EC33F /* Animations */ = {
			isa = PBXGroup;
			children = (
				ED7F234257244606AC7A13EF /* ParticleSystem.swift */,
				5FB10D045D244C42AAFA2499 /* RingAnimation.swift */,
				2BA1A6E77CAB4A1B9110DEF1 /* WaveAnimation.swift */,
				99A75B996E894843AC57BD9A /* GlowEffect.swift */,
			);
			name = Animations;
			path = Animations;
			sourceTree = "<group>";
		};

		434374BF49A44E989F062150 /* App */ = {
			isa = PBXGroup;
			children = (
				7DA3F5C920174376AB8F9B79 /* JarvisApp.swift */,
				59F8839BD5534CA7BE98E0FE /* ContentRootView.swift */,
			);
			name = App;
			path = App;
			sourceTree = "<group>";
		};

		638B2B1C418C4E7F81A2D802 /* Core */ = {
			isa = PBXGroup;
			children = (
				D9985523215E40E4916CCF2B /* Constants */,
				A128484783014C8AA42E126A /* Extensions */,
				869630EF59C54630A18BDBD2 /* Utilities */,
			);
			name = Core;
			path = Core;
			sourceTree = "<group>";
		};

		D9985523215E40E4916CCF2B /* Constants */ = {
			isa = PBXGroup;
			children = (
				59B36E9C586D445E9E93816B /* AppConstants.swift */,
			);
			name = Constants;
			path = Constants;
			sourceTree = "<group>";
		};

		A128484783014C8AA42E126A /* Extensions */ = {
			isa = PBXGroup;
			children = (
				8B4789ECCFBE4CCD814953DE /* Color+Extensions.swift */,
				50FAFB96F2714E648E04174D /* View+Extensions.swift */,
				98C7780CDD9D4F8EB9285947 /* String+Extensions.swift */,
			);
			name = Extensions;
			path = Extensions;
			sourceTree = "<group>";
		};

		869630EF59C54630A18BDBD2 /* Utilities */ = {
			isa = PBXGroup;
			children = (
				D4E045A6C8494657AF47BA93 /* KeychainManager.swift */,
				C9FDDAF7976B4868844286BD /* HapticManager.swift */,
			);
			name = Utilities;
			path = Utilities;
			sourceTree = "<group>";
		};

		F9A84F7844364E79B1700EAB /* Managers */ = {
			isa = PBXGroup;
			children = (
				C53A30C96FB1478BBE1FCFB7 /* SettingsManager.swift */,
				5AD35C2AFF034213A696C15D /* ConversationManager.swift */,
				ED4AD85CC15942FF9E40B777 /* PermissionsManager.swift */,
				065D4E8CFF2D4BC19B29CBAE /* CommandManager.swift */,
				6F6E06F2123D4398BFBCC261 /* JarvisManager.swift */,
			);
			name = Managers;
			path = Managers;
			sourceTree = "<group>";
		};

		9C8F4215B3B042D0BB032C98 /* Models */ = {
			isa = PBXGroup;
			children = (
				34BDE1D14DDB4F3590EAD827 /* Message.swift */,
				6073D29AE6E2466A999560CF /* Conversation.swift */,
				816249FA0C144660B492C7F2 /* AIProvider.swift */,
				6355D472FE774815B7287D18 /* AppSettings.swift */,
				2B98B909DC064E05912103E2 /* Command.swift */,
			);
			name = Models;
			path = Models;
			sourceTree = "<group>";
		};

		FE0C9368F3D5428EA6AB65E6 /* Resources */ = {
			isa = PBXGroup;
			children = (
				504645A8CFE0492B89592862 /* Info.plist */,
				244647E1A6D64AF7B19B96C0 /* Assets.xcassets */,
			);
			name = Resources;
			path = Resources;
			sourceTree = "<group>";
		};

		5CD1432A9AA24641B160FB17 /* Services */ = {
			isa = PBXGroup;
			children = (
				C3F0A35BCF5444C78DC02B1E /* AI */,
				ED5B1A370E4F44549A0F362F /* Networking */,
				246594AF1C8A40FC977B124A /* Speech */,
				9787384F66C74C0B897D9113 /* System */,
				E1220118EB484A22BF0B364B /* Vision */,
			);
			name = Services;
			path = Services;
			sourceTree = "<group>";
		};

		C3F0A35BCF5444C78DC02B1E /* AI */ = {
			isa = PBXGroup;
			children = (
				AADBD64286B449CB9EF78538 /* AIServiceProtocol.swift */,
				589DCE0CA1FF4D9DA971B552 /* OpenAIService.swift */,
				1B4884FEC0664E55BB755EC0 /* ClaudeService.swift */,
				639A0119A351442B84BA25CE /* GeminiService.swift */,
				0CF252C35BA749AFBC68F466 /* LocalAIService.swift */,
				504651471A19401280367809 /* AIServiceFactory.swift */,
			);
			name = AI;
			path = AI;
			sourceTree = "<group>";
		};

		ED5B1A370E4F44549A0F362F /* Networking */ = {
			isa = PBXGroup;
			children = (
				9981A84E20EB4EBBA65E29E6 /* NetworkService.swift */,
				890DB48984AA44A089445F25 /* WebSearchService.swift */,
			);
			name = Networking;
			path = Networking;
			sourceTree = "<group>";
		};

		246594AF1C8A40FC977B124A /* Speech */ = {
			isa = PBXGroup;
			children = (
				F6BB284AE15B42DD9A1FD75D /* SpeechRecognitionService.swift */,
				9AE63CB4DC5242C0BC8144EB /* SpeechSynthesisService.swift */,
			);
			name = Speech;
			path = Speech;
			sourceTree = "<group>";
		};

		9787384F66C74C0B897D9113 /* System */ = {
			isa = PBXGroup;
			children = (
				03E78F4474AD4C04894FEEC6 /* WeatherService.swift */,
				8968AFD359F6495EA1D968DD /* CalendarService.swift */,
				856C978F187B478D9BBA7A13 /* ReminderService.swift */,
				CC17C76E55904DBDA244763B /* MusicService.swift */,
				3CB1F946EC124E7AA86DF694 /* NotesService.swift */,
			);
			name = System;
			path = System;
			sourceTree = "<group>";
		};

		E1220118EB484A22BF0B364B /* Vision */ = {
			isa = PBXGroup;
			children = (
				BDAA6DF991E64DFE85F57D4D /* VisionService.swift */,
				2C1C8373D0B74889B92C31E9 /* CameraService.swift */,
			);
			name = Vision;
			path = Vision;
			sourceTree = "<group>";
		};

		F0DBCE8DA35F4ACE8F8DF9B1 /* ViewModels */ = {
			isa = PBXGroup;
			children = (
				2A7449827C0C42969BEEF810 /* MainViewModel.swift */,
				AF9B070EDC3E4EBCBDAE6533 /* ChatViewModel.swift */,
				19BEDA502C594673B8A23E1F /* SettingsViewModel.swift */,
			);
			name = ViewModels;
			path = ViewModels;
			sourceTree = "<group>";
		};

		014C0F7320014308AF07AD2C /* Views */ = {
			isa = PBXGroup;
			children = (
				9EAE532E96F449869922ACFE /* Camera */,
				AD2337707C15451680AC0AE8 /* Chat */,
				E6619374AF2B419482D6B127 /* Components */,
				4459DB47DA4B485D988BB5E8 /* Main */,
				C71815FE254C4CED98B2F7A4 /* Settings */,
			);
			name = Views;
			path = Views;
			sourceTree = "<group>";
		};

		9EAE532E96F449869922ACFE /* Camera */ = {
			isa = PBXGroup;
			children = (
				6DC39989BBF747E0870B0D00 /* CameraView.swift */,
			);
			name = Camera;
			path = Camera;
			sourceTree = "<group>";
		};

		AD2337707C15451680AC0AE8 /* Chat */ = {
			isa = PBXGroup;
			children = (
				0DC05DA5021D4291B24D4A9C /* MessageBubbleView.swift */,
				AD0A8CD5D3A148989DC6B063 /* ChatView.swift */,
				E68AB51C10E44269A6DE18B0 /* ConversationHistoryView.swift */,
			);
			name = Chat;
			path = Chat;
			sourceTree = "<group>";
		};

		E6619374AF2B419482D6B127 /* Components */ = {
			isa = PBXGroup;
			children = (
				C2DC522D0EE341D494B64E0B /* JarvisSphereView.swift */,
				E2FF4105DA49463D9A8A7BE1 /* MicrophoneView.swift */,
				AA88A089F99048FD8B6F03BC /* GlassmorphicCard.swift */,
				EF34621FA28144A7A7FF23D1 /* StatusIndicatorView.swift */,
			);
			name = Components;
			path = Components;
			sourceTree = "<group>";
		};

		4459DB47DA4B485D988BB5E8 /* Main */ = {
			isa = PBXGroup;
			children = (
				147844D437A24338BDB49AEA /* SplashView.swift */,
				387BA2393F8A4264A6FE843F /* MainView.swift */,
				E33AB2EBBAB649F0BA66E67F /* NotesView.swift */,
			);
			name = Main;
			path = Main;
			sourceTree = "<group>";
		};

		C71815FE254C4CED98B2F7A4 /* Settings */ = {
			isa = PBXGroup;
			children = (
				6817C6A5E2CB447889F3FB59 /* SettingsView.swift */,
			);
			name = Settings;
			path = Settings;
			sourceTree = "<group>";
		};

/* End PBXGroup section */

/* Begin PBXNativeTarget section */
		8C327385B39348389F82C743 /* Jarvis */ = {
			isa = PBXNativeTarget;
			buildConfigurationList = 098B4CFBC6BC48D59B6ED669;
			buildPhases = (
				B58465897A1A46F1AD37AEE3 /* Sources */,
				56700DC9950D4316B719DC32 /* Resources */,
				4E69FC151A0A48A5BA27F2ED /* Frameworks */,
			);
			buildRules = (
			);
			dependencies = (
			);
			name = Jarvis;
			productName = Jarvis;
			productReference = C7EFFE3BDE744CA2A0A92D85 /* Jarvis.app */;
			productType = "com.apple.product-type.application";
		};
/* End PBXNativeTarget section */

/* Begin PBXProject section */
		885F5B034CA94DDC8F7ACE84 /* Project object */ = {
			isa = PBXProject;
			attributes = {
				BuildIndependentTargetsInParallel = 1;
				LastSwiftUpdateCheck = 1500;
				LastUpgradeCheck = 1500;
				TargetAttributes = {
					8C327385B39348389F82C743 = {
						CreatedOnToolsVersion = 15.0;
					};
				};
			};
			buildConfigurationList = 343441815C384F44B8192E8D;
			compatibilityVersion = "Xcode 14.0";
			developmentRegion = fr;
			hasScannedForEncodings = 0;
			knownRegions = (
				en,
				fr,
				Base,
			);
			mainGroup = 2F53A9102561424A841ABCCD;
			productRefGroup = 258AC279706F4DAF9F44AF7E /* Products */;
			projectDirPath = "";
			projectRoot = "";
			targets = (
				8C327385B39348389F82C743 /* Jarvis */,
			);
		};
/* End PBXProject section */

/* Begin PBXResourcesBuildPhase section */
		56700DC9950D4316B719DC32 /* Resources */ = {
			isa = PBXResourcesBuildPhase;
			buildActionMask = 2147483647;
			files = (
				563CB884631E401B90C1161C /* Info.plist in Resources */,
				5E1C34C0B1C04EA18CD64D5D /* Assets.xcassets in Resources */,
			);
			runOnlyForDeploymentPostprocessing = 0;
		};
/* End PBXResourcesBuildPhase section */

/* Begin PBXSourcesBuildPhase section */
		B58465897A1A46F1AD37AEE3 /* Sources */ = {
			isa = PBXSourcesBuildPhase;
			buildActionMask = 2147483647;
			files = (
				2B2BE5E4E040476B8258CB26 /* JarvisApp.swift in Sources */,
				60A6F7EAA21A4432879E22D3 /* ContentRootView.swift in Sources */,
				3080F6B501CA4AF38C7101F2 /* AppConstants.swift in Sources */,
				CE483D5A95A546A9826EBEF8 /* Color+Extensions.swift in Sources */,
				311F0BB5B4BF4981944D4A27 /* View+Extensions.swift in Sources */,
				6D3C6F3A543E41EC928A8A1E /* String+Extensions.swift in Sources */,
				1E14362691C44BE0B1DD18CF /* KeychainManager.swift in Sources */,
				CEFCCE0ECB974F31B1D0EE2E /* HapticManager.swift in Sources */,
				50A0217B92AC4FC28CB8773A /* Message.swift in Sources */,
				98BF79B67E9C4E21B7156BB6 /* Conversation.swift in Sources */,
				2A700A09C6684B65B96704A5 /* AIProvider.swift in Sources */,
				AB0971D1AE844AFAB45730FD /* AppSettings.swift in Sources */,
				8EB49D69483B4000A88ACEA4 /* Command.swift in Sources */,
				79A0E82EFFE44F968C200CC2 /* AIServiceProtocol.swift in Sources */,
				70BC0C4428474C75BA7D21CB /* OpenAIService.swift in Sources */,
				A049275E91224A61BCA0A1BD /* ClaudeService.swift in Sources */,
				430EDD279A0447D49E47A22D /* GeminiService.swift in Sources */,
				5A8E6DF1D71241DD893D9A73 /* LocalAIService.swift in Sources */,
				A6EE1537651741D09D77B9AB /* AIServiceFactory.swift in Sources */,
				2B75BF8130D8464DB45DD380 /* SpeechRecognitionService.swift in Sources */,
				C57BFC80C53C46F483AF73DE /* SpeechSynthesisService.swift in Sources */,
				3CF975D31102487198475BC8 /* VisionService.swift in Sources */,
				A4C83D9EFA254C3DA8AF1814 /* CameraService.swift in Sources */,
				1BA1B34D58D64159899DA2E1 /* NetworkService.swift in Sources */,
				77C59C508D0E49569185CF9A /* WebSearchService.swift in Sources */,
				65E2B1C2538B4943BC66E32B /* WeatherService.swift in Sources */,
				6922EEACA8F444C6B2A02D02 /* CalendarService.swift in Sources */,
				577571A633B94F93B84975A3 /* ReminderService.swift in Sources */,
				8B1C3D3E1371446E915866DE /* MusicService.swift in Sources */,
				7848864830544701A0A35525 /* NotesService.swift in Sources */,
				2FBC1D989D6C4012A578C313 /* SettingsManager.swift in Sources */,
				0B9E0B635F9140A081262DAF /* ConversationManager.swift in Sources */,
				FBA130C52DF54860BAD8DD37 /* PermissionsManager.swift in Sources */,
				283D97C4659F488681781460 /* CommandManager.swift in Sources */,
				457D823FEA78454EAB543C85 /* JarvisManager.swift in Sources */,
				E5BF44C4D8F04A7C88B70A7A /* MainViewModel.swift in Sources */,
				F6C6ABF808C74CD6910F26A9 /* ChatViewModel.swift in Sources */,
				4BF707E8CC684FCAB98FD8A3 /* SettingsViewModel.swift in Sources */,
				1E1E5CC8480F43A383C4F1C6 /* ParticleSystem.swift in Sources */,
				6EDA57D4C5AF4FE3941D177C /* RingAnimation.swift in Sources */,
				43DA797160D14DA98CBC6CD0 /* WaveAnimation.swift in Sources */,
				F4D0C4605DBD4DE88AD069F6 /* GlowEffect.swift in Sources */,
				CFDB228D6E084E1A8822B39B /* JarvisSphereView.swift in Sources */,
				281C4E78E26D49A7B5E94D1B /* MicrophoneView.swift in Sources */,
				598A529170714B03945C7D62 /* GlassmorphicCard.swift in Sources */,
				CC16188421354C92B213FE6B /* StatusIndicatorView.swift in Sources */,
				E4F4BB96D8E74152B96F3907 /* SplashView.swift in Sources */,
				E85478F8D05340CCBAA828B7 /* MainView.swift in Sources */,
				237D8D8A83FD4228865D7B21 /* NotesView.swift in Sources */,
				82EA655EDFA64F909C051EF8 /* MessageBubbleView.swift in Sources */,
				2DCC92C9D16A421CADBDAE1D /* ChatView.swift in Sources */,
				E6680749496B4B40B125579B /* ConversationHistoryView.swift in Sources */,
				D9355C8B9FC24B5D837B255E /* CameraView.swift in Sources */,
				BB458773941A41089E7949B7 /* SettingsView.swift in Sources */,
			);
			runOnlyForDeploymentPostprocessing = 0;
		};
/* End PBXSourcesBuildPhase section */

/* Begin XCBuildConfiguration section */
		6607818C19494093A39F5923 /* Debug */ = {
			isa = XCBuildConfiguration;
			buildSettings = {
				ALWAYS_SEARCH_USER_PATHS = NO;
				CLANG_ANALYZER_NONNULL = YES;
				CLANG_ANALYZER_NUMBER_OBJECT_CONVERSION = YES_AGGRESSIVE;
				CLANG_CXX_LANGUAGE_STANDARD = "gnu++20";
				CLANG_ENABLE_MODULES = YES;
				CLANG_ENABLE_OBJC_ARC = YES;
				CLANG_ENABLE_OBJC_WEAK = YES;
				CLANG_WARN_BOOL_CONVERSION = YES;
				CLANG_WARN_CONSTANT_CONVERSION = YES;
				CLANG_WARN_DIRECT_OBJC_ISA_USAGE = YES_ERROR;
				CLANG_WARN_EMPTY_BODY = YES;
				CLANG_WARN_ENUM_CONVERSION = YES;
				CLANG_WARN_INT_CONVERSION = YES;
				CLANG_WARN_OBJC_ROOT_CLASS = YES_ERROR;
				CLANG_WARN_UNREACHABLE_CODE = YES;
				COPY_PHASE_STRIP = NO;
				DEBUG_INFORMATION_FORMAT = dwarf;
				ENABLE_STRICT_OBJC_MSGSEND = YES;
				ENABLE_TESTABILITY = YES;
				GCC_C_LANGUAGE_STANDARD = gnu17;
				GCC_DYNAMIC_NO_PIC = NO;
				GCC_NO_COMMON_BLOCKS = YES;
				GCC_OPTIMIZATION_LEVEL = 0;
				GCC_PREPROCESSOR_DEFINITIONS = ("DEBUG=1", "$(inherited)");
				GCC_WARN_64_TO_32_BIT_CONVERSION = YES;
				GCC_WARN_ABOUT_RETURN_TYPE = YES_ERROR;
				GCC_WARN_UNDECLARED_SELECTOR = YES;
				GCC_WARN_UNINITIALIZED_AUTOS = YES_AGGRESSIVE;
				GCC_WARN_UNUSED_FUNCTION = YES;
				GCC_WARN_UNUSED_VARIABLE = YES;
				IPHONEOS_DEPLOYMENT_TARGET = 18.0;
				MTL_ENABLE_DEBUG_INFO = INCLUDE_SOURCE;
				MTL_FAST_MATH = YES;
				ONLY_ACTIVE_ARCH = YES;
				SDKROOT = iphoneos;
				SWIFT_ACTIVE_COMPILATION_CONDITIONS = DEBUG;
				SWIFT_OPTIMIZATION_LEVEL = "-Onone";
			};
			name = Debug;
		};
		3FE7FCF5D5654317ACA8A5F2 /* Release */ = {
			isa = XCBuildConfiguration;
			buildSettings = {
				ALWAYS_SEARCH_USER_PATHS = NO;
				CLANG_ANALYZER_NONNULL = YES;
				CLANG_ANALYZER_NUMBER_OBJECT_CONVERSION = YES_AGGRESSIVE;
				CLANG_CXX_LANGUAGE_STANDARD = "gnu++20";
				CLANG_ENABLE_MODULES = YES;
				CLANG_ENABLE_OBJC_ARC = YES;
				CLANG_ENABLE_OBJC_WEAK = YES;
				CLANG_WARN_BOOL_CONVERSION = YES;
				CLANG_WARN_CONSTANT_CONVERSION = YES;
				CLANG_WARN_DIRECT_OBJC_ISA_USAGE = YES_ERROR;
				CLANG_WARN_EMPTY_BODY = YES;
				CLANG_WARN_ENUM_CONVERSION = YES;
				CLANG_WARN_INT_CONVERSION = YES;
				CLANG_WARN_OBJC_ROOT_CLASS = YES_ERROR;
				CLANG_WARN_UNREACHABLE_CODE = YES;
				COPY_PHASE_STRIP = NO;
				DEBUG_INFORMATION_FORMAT = "dwarf-with-dsym";
				ENABLE_NS_ASSERTIONS = NO;
				ENABLE_STRICT_OBJC_MSGSEND = YES;
				GCC_C_LANGUAGE_STANDARD = gnu17;
				GCC_NO_COMMON_BLOCKS = YES;
				GCC_WARN_64_TO_32_BIT_CONVERSION = YES;
				GCC_WARN_ABOUT_RETURN_TYPE = YES_ERROR;
				GCC_WARN_UNDECLARED_SELECTOR = YES;
				GCC_WARN_UNINITIALIZED_AUTOS = YES_AGGRESSIVE;
				GCC_WARN_UNUSED_FUNCTION = YES;
				GCC_WARN_UNUSED_VARIABLE = YES;
				IPHONEOS_DEPLOYMENT_TARGET = 18.0;
				MTL_FAST_MATH = YES;
				SDKROOT = iphoneos;
				SWIFT_COMPILATION_MODE = wholemodule;
				VALIDATE_PRODUCT = YES;
			};
			name = Release;
		};
		3BA823B473154859BDDF41EF /* Debug */ = {
			isa = XCBuildConfiguration;
			buildSettings = {
				ASSETCATALOG_COMPILER_APPICON_NAME = AppIcon;
				ASSETCATALOG_COMPILER_GLOBAL_ACCENT_COLOR_NAME = AccentColor;
				CODE_SIGN_STYLE = Automatic;
				CURRENT_PROJECT_VERSION = 1;
				ENABLE_PREVIEWS = YES;
				GENERATE_INFOPLIST_FILE = NO;
				INFOPLIST_FILE = "Jarvis/Resources/Info.plist";
				IPHONEOS_DEPLOYMENT_TARGET = 18.0;
				LD_RUNPATH_SEARCH_PATHS = ("$(inherited)", "@executable_path/Frameworks");
				MARKETING_VERSION = 1.0;
				PRODUCT_BUNDLE_IDENTIFIER = "com.ironman.jarvis";
				PRODUCT_NAME = "$(TARGET_NAME)";
				SWIFT_EMIT_LOC_STRINGS = YES;
				SWIFT_VERSION = 5.0;
				TARGETED_DEVICE_FAMILY = "1,2";
			};
			name = Debug;
		};
		428F2A097E194FC48ED83E1D /* Release */ = {
			isa = XCBuildConfiguration;
			buildSettings = {
				ASSETCATALOG_COMPILER_APPICON_NAME = AppIcon;
				ASSETCATALOG_COMPILER_GLOBAL_ACCENT_COLOR_NAME = AccentColor;
				CODE_SIGN_STYLE = Automatic;
				CURRENT_PROJECT_VERSION = 1;
				ENABLE_PREVIEWS = YES;
				GENERATE_INFOPLIST_FILE = NO;
				INFOPLIST_FILE = "Jarvis/Resources/Info.plist";
				IPHONEOS_DEPLOYMENT_TARGET = 18.0;
				LD_RUNPATH_SEARCH_PATHS = ("$(inherited)", "@executable_path/Frameworks");
				MARKETING_VERSION = 1.0;
				PRODUCT_BUNDLE_IDENTIFIER = "com.ironman.jarvis";
				PRODUCT_NAME = "$(TARGET_NAME)";
				SWIFT_EMIT_LOC_STRINGS = YES;
				SWIFT_VERSION = 5.0;
				TARGETED_DEVICE_FAMILY = "1,2";
			};
			name = Release;
		};
/* End XCBuildConfiguration section */

/* Begin XCConfigurationList section */
		343441815C384F44B8192E8D /* Build configuration list for PBXProject "Jarvis" */ = {
			isa = XCConfigurationList;
			buildConfigurations = (
				6607818C19494093A39F5923 /* Debug */,
				3FE7FCF5D5654317ACA8A5F2 /* Release */,
			);
			defaultConfigurationIsVisible = 0;
			defaultConfigurationName = Release;
		};
		098B4CFBC6BC48D59B6ED669 /* Build configuration list for PBXNativeTarget "Jarvis" */ = {
			isa = XCConfigurationList;
			buildConfigurations = (
				3BA823B473154859BDDF41EF /* Debug */,
				428F2A097E194FC48ED83E1D /* Release */,
			);
			defaultConfigurationIsVisible = 0;
			defaultConfigurationName = Release;
		};
/* End XCConfigurationList section */

	};
	rootObject = 885F5B034CA94DDC8F7ACE84 /* Project object */;
}
